go.followtheprocess.codes/hue v0.6.0 h1:JDLnRrkauCCIyYRqKNBDM+X6X5o75j2CG3iddnzIuhc=
go.followtheprocess.codes/hue v0.6.0/go.mod h1:tNCWKaywHqkFo20hYOVwG7CaoRajJeE2AueP5HStY7U=
go.followtheprocess.codes/hue v0.7.0 h1:6HaZTGc4NYVnqqjYZTTBcVYRKb8MyfPe5yBHJiBfekg=
go.followtheprocess.codes/hue v0.7.0/go.mod h1:gSn5xK6KJapih+eFgQk3woo1qg3/rx9XSrAanUIuDr8=
go.followtheprocess.codes/hue v1.0.0 h1:0fYXAGR1o+w7Vja+Q+iVtqeEP3/CE6ET/pniyl8e9yo=
go.followtheprocess.codes/hue v1.0.0/go.mod h1:gSn5xK6KJapih+eFgQk3woo1qg3/rx9XSrAanUIuDr8=
go.followtheprocess.codes/snapshot v0.6.0 h1:aq7WIc8hInqdpdrOzntk9lqHwxUqSw3YbgLYaoy0laQ=
go.followtheprocess.codes/snapshot v0.6.0/go.mod h1:0hskrLbmTgcv3h1YgVgX0CXiiOKq0UvhM4PewnOZOno=
go.followtheprocess.codes/snapshot v0.6.1 h1:cZkQtEjL21BSrHn98Lm0S4yTzcOje/K60Iog/u/A5tM=
go.followtheprocess.codes/snapshot v0.6.1/go.mod h1:CM2E92Ah/j0XL4Z2UyOl7GlSuD0ZLLl8rJCpFylKcIg=
go.followtheprocess.codes/snapshot v0.7.0 h1:tzlaJN2JRdfZail13NxinSr4hx3xjBRr1zKSnHiwB2w=
go.followtheprocess.codes/snapshot v0.7.0/go.mod h1:3CCSAEz+nbity6iZ9eWid9zLtIqFG7PE3DLhWGHLdIU=
go.followtheprocess.codes/snapshot v0.8.0 h1:8FizwgnHIlZZa4wSgHeDYFO7OWY3yAzhkA1hIYCzoDo=
go.followtheprocess.codes/snapshot v0.8.0/go.mod h1:3CCSAEz+nbity6iZ9eWid9zLtIqFG7PE3DLhWGHLdIU=
go.followtheprocess.codes/snapshot v0.9.0 h1:7M6AkOL/3KFJ9e8epgwwIg+3aGnNPCHMX4/IOpbA2bw=
go.followtheprocess.codes/snapshot v0.9.0/go.mod h1:3CCSAEz+nbity6iZ9eWid9zLtIqFG7PE3DLhWGHLdIU=
go.followtheprocess.codes/snapshot v0.9.1 h1:q90k4ZsV4WNrJkAXo6gLqYLgE3RipnzSOXU5o5Moyts=
go.followtheprocess.codes/snapshot v0.9.1/go.mod h1:IKWetABJnYaG6rZAsINXAc6rB0TxoxdysBC3R2HvwWo=
go.followtheprocess.codes/test v0.22.0 h1:erXLdEY/Kj0+gt5rNVtHzbJ+7g9l0JBNuzc7WtcFz00=
go.followtheprocess.codes/test v0.22.0/go.mod h1:5xDKZUMZ125YgTPBxaAo2nioaSSk7dkfcTCyzsigWzE=
go.followtheprocess.codes/test v0.23.0 h1:XpKkEAzzm2/FmOAfR6GHRvgdY3XhragOWYCCvr9F6wg=
go.followtheprocess.codes/test v0.23.0/go.mod h1:Bhx7T8XRQs6w7DuT06uG4EPbGeaVgj3HL4laIGLVV4w=
go.followtheprocess.codes/test v0.23.1 h1:VoucCC8qKb6tKnBOCRZ7Ln2Ex1oV+HMXHdZyJ6DURB8=
go.followtheprocess.codes/test v0.23.1/go.mod h1:sL19ttHv+BSJSMtdPXTP05aWwl58ciap0SoLp1hucKk=
go.followtheprocess.codes/test v1.0.0 h1:5m2MPOQpohDC9pf5hgqpH+4ldJP5g+YFVdoGQY41aeU=
go.followtheprocess.codes/test v1.0.0/go.mod h1:e627pR8IhsTV/RfuP/WKYjyL0BmuIbmaw2iKlQBCWrY=
go.followtheprocess.codes/test v1.1.0 h1:1v2JyMd3STr7dIXzcHEhct2qvS8/mTtGYbSyhpReciI=
go.followtheprocess.codes/test v1.1.0/go.mod h1:BHZi5SZahJw01xcuc7EgrlyzX7zJLXAWy11rOR9geVw=
go.yaml.in/yaml/v4 v4.0.0-rc.3 h1:3h1fjsh1CTAPjW7q/EMe+C8shx5d8ctzZTrLcs/j8Go=
go.yaml.in/yaml/v4 v4.0.0-rc.3/go.mod h1:aZqd9kCMsGL7AuUv/m/PvWLdg5sjJsZ4oHDEnfPPfY0=
golang.org/x/sys v0.33.0 h1:q3i8TbbEz+JRD9ywIRlyRAQbM0qF7hu24q3teo2hbuw=
golang.org/x/sys v0.33.0/go.mod h1:BJP2sWEmIv4KK5OTEluFJCKSidICx8ciO85XgH3Ak8k=
golang.org/x/sys v0.35.0 h1:vz1N37gP5bs89s7He8XuIYXpyY0+QlsKmzipCbUtyxI=
golang.org/x/sys v0.35.0/go.mod h1:BJP2sWEmIv4KK5OTEluFJCKSidICx8ciO85XgH3Ak8k=
golang.org/x/sys v0.36.0 h1:KVRy2GtZBrk1cBYA7MKu5bEZFxQk4NIDV6RLVcC8o0k=
golang.org/x/sys v0.36.0/go.mod h1:OgkHotnGiDImocRcuBABYBEXf8A9a87e/uXjp9XT3ks=
golang.org/x/sys v0.37.0 h1:fdNQudmxPjkdUTPnLn5mdQv7Zwvbvpaxqs831goi9kQ=
golang.org/x/sys v0.37.0/go.mod h1:OgkHotnGiDImocRcuBABYBEXf8A9a87e/uXjp9XT3ks=
golang.org/x/sys v0.38.0 h1:3yZWxaJjBmCWXqhN1qh02AkOnCQ1poK6oF+a7xWL6Gc=
golang.org/x/sys v0.38.0/go.mod h1:OgkHotnGiDImocRcuBABYBEXf8A9a87e/uXjp9XT3ks=
golang.org/x/term v0.32.0 h1:DR4lr0TjUs3epypdhTOkMmuF5CDFJ/8pOnbzMZPQ7bg=
golang.org/x/term v0.32.0/go.mod h1:uZG1FhGx848Sqfsq4/DlJr3xGGsYMu/L5GW4abiaEPQ=
golang.org/x/term v0.34.0 h1:O/2T7POpk0ZZ7MAzMeWFSg6S5IpWd/RXDlM9hgM3DR4=
golang.org/x/term v0.34.0/go.mod h1:5jC53AEywhIVebHgPVeg0mj8OD3VO9OzclacVrqpaAw=
golang.org/x/term v0.35.0 h1:bZBVKBudEyhRcajGcNc3jIfWPqV4y/Kt2XcoigOWtDQ=
golang.org/x/term v0.35.0/go.mod h1:TPGtkTLesOwf2DE8CgVYiZinHAOuy5AYUYT1lENIZnA=
golang.org/x/term v0.36.0 h1:zMPR+aF8gfksFprF/Nc/rd1wRS1EI6nDBGyWAvDzx2Q=
golang.org/x/term v0.36.0/go.mod h1:Qu394IJq6V6dCBRgwqshf3mPF85AqzYEzofzRdZkWss=
golang.org/x/term v0.37.0 h1:8EGAD0qCmHYZg6J17DvsMy9/wJ7/D/4pV/wfnld5lTU=
golang.org/x/term v0.37.0/go.mod h1:5pB4lxRNYYVZuTLmy8oR2BH8dflOR+IbTYFD8fi3254=
golang.org/x/tools v0.34.0 h1:qIpSLOxeCYGg9TrcJokLBG4KFA6d795g0xkBkiESGlo=
golang.org/x/tools v0.34.0/go.mod h1:pAP9OwEaY1CAW3HOmg3hLZC5Z0CCmzjAF2UQMSqNARg=
